
Microsoft Visual Studio Solution File, Format Version 12.00
# Visual Studio 15
VisualStudioVersion = 15.0.28307.572
MinimumVisualStudioVersion = 10.0.40219.1
Project("{FAE04EC0-301F-11D3-BF4B-00C04F79EFBC}") = "GravekeeperReboot", "GravekeeperReboot\GravekeeperReboot.csproj", "{54BB522A-4FAC-4532-802E-972248F557D5}"
EndProject
Global
	GlobalSection(SolutionConfigurationPlatforms) = preSolution
		Debug|Any CPU = Debug|Any CPU
		Release|Any CPU = Release|Any CPU
	EndGlobalSection
	GlobalSection(ProjectConfigurationPlatforms) = postSolution
		{54BB522A-4FAC-4532-802E-972248F557D5}.Debug|Any CPU.ActiveCfg = Debug|Any CPU
		{54BB522A-4FAC-4532-802E-972248F557D5}.Debug|Any CPU.Build.0 = Debug|Any CPU
		{54BB522A-4FAC-4532-802E-972248F557D5}.Release|Any CPU.ActiveCfg = Release|Any CPU
		{54BB522A-4FAC-4532-802E-972248F557D5}.Release|Any CPU.Build.0 = Release|Any CPU
	EndGlobalSection
	GlobalSection(SolutionProperties) = preSolution
		HideSolutionNode = FALSE
	EndGlobalSection
	GlobalSection(ExtensibilityGlobals) = postSolution
		SolutionGuid = {F70F5C7E-94DE-4D8B-8ED8-3150D57B3005}
	EndGlobalSection
EndGlobal
